
Microsoft Visual Studio Solution File, Format Version 12.00
# Visual Studio Version 16
VisualStudioVersion = 16.0.29306.81
MinimumVisualStudioVersion = 10.0.40219.1
Project("{FAE04EC0-301F-11D3-BF4B-00C04F79EFBC}") = "TextRadarFuzzySearchDemo", "FuzzySearch_Web\TextRadarFuzzySearchDemo.csproj", "{AAB50F3E-F4A3-4378-BCCE-E24957EB211D}"
EndProject
Global
	GlobalSection(SolutionConfigurationPlatforms) = preSolution
		Debug|Any CPU = Debug|Any CPU
		Release|Any CPU = Release|Any CPU
	EndGlobalSection
	GlobalSection(ProjectConfigurationPlatforms) = postSolution
		{AAB50F3E-F4A3-4378-BCCE-E24957EB211D}.Debug|Any CPU.ActiveCfg = Release|Any CPU
		{AAB50F3E-F4A3-4378-BCCE-E24957EB211D}.Debug|Any CPU.Build.0 = Release|Any CPU
		{AAB50F3E-F4A3-4378-BCCE-E24957EB211D}.Release|Any CPU.ActiveCfg = Release|Any CPU
		{AAB50F3E-F4A3-4378-BCCE-E24957EB211D}.Release|Any CPU.Build.0 = Release|Any CPU
	EndGlobalSection
	GlobalSection(SolutionProperties) = preSolution
		HideSolutionNode = FALSE
	EndGlobalSection
	GlobalSection(ExtensibilityGlobals) = postSolution
		SolutionGuid = {AD72F69C-593D-4EB3-A5D4-3709C04A9357}
	EndGlobalSection
EndGlobal
